// !$*UTF8*$!
{
	archiveVersion = 1;
	classes = {
	};
	objectVersion = 55;
	objects = {

/* Begin PBXBuildFile section */
		F8335A4027690C77004C5793 /* ButtonsContactsView.swift in Sources */ = {isa = PBXBuildFile; fileRef = F8335A3F27690C77004C5793 /* ButtonsContactsView.swift */; };
		F8335A4227693206004C5793 /* Menu.swift in Sources */ = {isa = PBXBuildFile; fileRef = F8335A4127693206004C5793 /* Menu.swift */; };
		F8335A442769326E004C5793 /* MenuViewModel.swift in Sources */ = {isa = PBXBuildFile; fileRef = F8335A432769326E004C5793 /* MenuViewModel.swift */; };
		F8397116276B4DCC00D8151E /* AboutView.swift in Sources */ = {isa = PBXBuildFile; fileRef = F8397115276B4DCC00D8151E /* AboutView.swift */; };
		F8397118276B711800D8151E /* BackgroundView.swift in Sources */ = {isa = PBXBuildFile; fileRef = F8397117276B711800D8151E /* BackgroundView.swift */; };
		F839711B276B768A00D8151E /* ShapeView.swift in Sources */ = {isa = PBXBuildFile; fileRef = F839711A276B768A00D8151E /* ShapeView.swift */; };
		F8397139276DF9BE00D8151E /* Color.swift in Sources */ = {isa = PBXBuildFile; fileRef = F8397138276DF9BE00D8151E /* Color.swift */; };
		F839713B276E06AA00D8151E /* ButtonsAboutInfoView.swift in Sources */ = {isa = PBXBuildFile; fileRef = F839713A276E06AA00D8151E /* ButtonsAboutInfoView.swift */; };
		F8414D6F2770A12200FCD624 /* PickerDeliveryOrRestaurant.swift in Sources */ = {isa = PBXBuildFile; fileRef = F8414D6E2770A12200FCD624 /* PickerDeliveryOrRestaurant.swift */; };
		F84824B9276E0A0700E27AF9 /* InfoView.swift in Sources */ = {isa = PBXBuildFile; fileRef = F84824B8276E0A0700E27AF9 /* InfoView.swift */; };
		F84824BB276E0DE900E27AF9 /* DeliveryView.swift in Sources */ = {isa = PBXBuildFile; fileRef = F84824BA276E0DE900E27AF9 /* DeliveryView.swift */; };
		F8506CD827749A2000C146C5 /* DetailCartView.swift in Sources */ = {isa = PBXBuildFile; fileRef = F8506CD727749A2000C146C5 /* DetailCartView.swift */; };
		F858A3142766203200062253 /* MenuApp.swift in Sources */ = {isa = PBXBuildFile; fileRef = F858A3132766203200062253 /* MenuApp.swift */; };
		F858A3162766203200062253 /* HomeView.swift in Sources */ = {isa = PBXBuildFile; fileRef = F858A3152766203200062253 /* HomeView.swift */; };
		F858A3182766203300062253 /* Assets.xcassets in Resources */ = {isa = PBXBuildFile; fileRef = F858A3172766203300062253 /* Assets.xcassets */; };
		F858A31B2766203300062253 /* Preview Assets.xcassets in Resources */ = {isa = PBXBuildFile; fileRef = F858A31A2766203300062253 /* Preview Assets.xcassets */; };
		F858A3262766534C00062253 /* MenuView.swift in Sources */ = {isa = PBXBuildFile; fileRef = F858A3252766534C00062253 /* MenuView.swift */; };
		F858A3282766538000062253 /* ProfileView.swift in Sources */ = {isa = PBXBuildFile; fileRef = F858A3272766538000062253 /* ProfileView.swift */; };
		F858A32A2766539900062253 /* ContactsView.swift in Sources */ = {isa = PBXBuildFile; fileRef = F858A3292766539900062253 /* ContactsView.swift */; };
		F858A32C276653B900062253 /* CartView.swift in Sources */ = {isa = PBXBuildFile; fileRef = F858A32B276653B900062253 /* CartView.swift */; };
		F858A33427677D9F00062253 /* ContactAddressPhoneView.swift in Sources */ = {isa = PBXBuildFile; fileRef = F858A33327677D9F00062253 /* ContactAddressPhoneView.swift */; };
		F858A3362767882000062253 /* MarkerInfoView.swift in Sources */ = {isa = PBXBuildFile; fileRef = F858A3352767882000062253 /* MarkerInfoView.swift */; };
		F858A3382767B8D000062253 /* SocialNetworkView.swift in Sources */ = {isa = PBXBuildFile; fileRef = F858A3372767B8D000062253 /* SocialNetworkView.swift */; };
		F86C506627790AEC004BCC47 /* PlaceAnOrderView.swift in Sources */ = {isa = PBXBuildFile; fileRef = F86C506527790AEC004BCC47 /* PlaceAnOrderView.swift */; };
		F87FA2222770F17A007EB089 /* PromoImageView.swift in Sources */ = {isa = PBXBuildFile; fileRef = F87FA2212770F17A007EB089 /* PromoImageView.swift */; };
		F88112502770AB320093ED49 /* HeaderLogoView.swift in Sources */ = {isa = PBXBuildFile; fileRef = F881124F2770AB320093ED49 /* HeaderLogoView.swift */; };
		F88112522770C4570093ED49 /* PromotionView.swift in Sources */ = {isa = PBXBuildFile; fileRef = F88112512770C4570093ED49 /* PromotionView.swift */; };
		F88C97FA2774ED5E00D208DE /* CartIsEmptyView.swift in Sources */ = {isa = PBXBuildFile; fileRef = F88C97F92774ED5E00D208DE /* CartIsEmptyView.swift */; };
		F8BF66382771D36D000ACB7D /* RestaurantMenuView.swift in Sources */ = {isa = PBXBuildFile; fileRef = F8BF66372771D36D000ACB7D /* RestaurantMenuView.swift */; };
		F8BF663A2771E19C000ACB7D /* RestaurantMenu.swift in Sources */ = {isa = PBXBuildFile; fileRef = F8BF66392771E19C000ACB7D /* RestaurantMenu.swift */; };
		F8BF663C2771E26E000ACB7D /* DetailsFoodMenu.swift in Sources */ = {isa = PBXBuildFile; fileRef = F8BF663B2771E26E000ACB7D /* DetailsFoodMenu.swift */; };
		F8CF4CD3276A56C900B5DC84 /* MapView.swift in Sources */ = {isa = PBXBuildFile; fileRef = F858A3312767623F00062253 /* MapView.swift */; };
		F8E71C442773860F001254D0 /* RestaurantMenuData.swift in Sources */ = {isa = PBXBuildFile; fileRef = F8E71C432773860F001254D0 /* RestaurantMenuData.swift */; };
/* End PBXBuildFile section */

/* Begin PBXFileReference section */
		F8335A3F27690C77004C5793 /* ButtonsContactsView.swift */ = {isa = PBXFileReference; lastKnownFileType = sourcecode.swift; path = ButtonsContactsView.swift; sourceTree = "<group>"; };
		F8335A4127693206004C5793 /* Menu.swift */ = {isa = PBXFileReference; lastKnownFileType = sourcecode.swift; path = Menu.swift; sourceTree = "<group>"; };
		F8335A432769326E004C5793 /* MenuViewModel.swift */ = {isa = PBXFileReference; lastKnownFileType = sourcecode.swift; path = MenuViewModel.swift; sourceTree = "<group>"; };
		F8397115276B4DCC00D8151E /* AboutView.swift */ = {isa = PBXFileReference; lastKnownFileType = sourcecode.swift; path = AboutView.swift; sourceTree = "<group>"; };
		F8397117276B711800D8151E /* BackgroundView.swift */ = {isa = PBXFileReference; lastKnownFileType = sourcecode.swift; path = BackgroundView.swift; sourceTree = "<group>"; };
		F839711A276B768A00D8151E /* ShapeView.swift */ = {isa = PBXFileReference; lastKnownFileType = sourcecode.swift; path = ShapeView.swift; sourceTree = "<group>"; };
		F8397138276DF9BE00D8151E /* Color.swift */ = {isa = PBXFileReference; lastKnownFileType = sourcecode.swift; path = Color.swift; sourceTree = "<group>"; };
		F839713A276E06AA00D8151E /* ButtonsAboutInfoView.swift */ = {isa = PBXFileReference; lastKnownFileType = sourcecode.swift; path = ButtonsAboutInfoView.swift; sourceTree = "<group>"; };
		F8414D6E2770A12200FCD624 /* PickerDeliveryOrRestaurant.swift */ = {isa = PBXFileReference; lastKnownFileType = sourcecode.swift; path = PickerDeliveryOrRestaurant.swift; sourceTree = "<group>"; };
		F84824B8276E0A0700E27AF9 /* InfoView.swift */ = {isa = PBXFileReference; lastKnownFileType = sourcecode.swift; path = InfoView.swift; sourceTree = "<group>"; };
		F84824BA276E0DE900E27AF9 /* DeliveryView.swift */ = {isa = PBXFileReference; lastKnownFileType = sourcecode.swift; path = DeliveryView.swift; sourceTree = "<group>"; };
		F8506CD727749A2000C146C5 /* DetailCartView.swift */ = {isa = PBXFileReference; lastKnownFileType = sourcecode.swift; path = DetailCartView.swift; sourceTree = "<group>"; };
		F858A3102766203200062253 /* Park Kultury.app */ = {isa = PBXFileReference; explicitFileType = wrapper.application; includeInIndex = 0; path = "Park Kultury.app"; sourceTree = BUILT_PRODUCTS_DIR; };
		F858A3132766203200062253 /* MenuApp.swift */ = {isa = PBXFileReference; lastKnownFileType = sourcecode.swift; path = MenuApp.swift; sourceTree = "<group>"; };
		F858A3152766203200062253 /* HomeView.swift */ = {isa = PBXFileReference; lastKnownFileType = sourcecode.swift; path = HomeView.swift; sourceTree = "<group>"; };
		F858A3172766203300062253 /* Assets.xcassets */ = {isa = PBXFileReference; lastKnownFileType = folder.assetcatalog; path = Assets.xcassets; sourceTree = "<group>"; };
		F858A31A2766203300062253 /* Preview Assets.xcassets */ = {isa = PBXFileReference; lastKnownFileType = folder.assetcatalog; path = "Preview Assets.xcassets"; sourceTree = "<group>"; };
		F858A3252766534C00062253 /* MenuView.swift */ = {isa = PBXFileReference; lastKnownFileType = sourcecode.swift; path = MenuView.swift; sourceTree = "<group>"; };
		F858A3272766538000062253 /* ProfileView.swift */ = {isa = PBXFileReference; lastKnownFileType = sourcecode.swift; path = ProfileView.swift; sourceTree = "<group>"; };
		F858A3292766539900062253 /* ContactsView.swift */ = {isa = PBXFileReference; lastKnownFileType = sourcecode.swift; path = ContactsView.swift; sourceTree = "<group>"; };
		F858A32B276653B900062253 /* CartView.swift */ = {isa = PBXFileReference; lastKnownFileType = sourcecode.swift; path = CartView.swift; sourceTree = "<group>"; };
		F858A3312767623F00062253 /* MapView.swift */ = {isa = PBXFileReference; lastKnownFileType = sourcecode.swift; path = MapView.swift; sourceTree = "<group>"; };
		F858A33327677D9F00062253 /* ContactAddressPhoneView.swift */ = {isa = PBXFileReference; lastKnownFileType = sourcecode.swift; path = ContactAddressPhoneView.swift; sourceTree = "<group>"; };
		F858A3352767882000062253 /* MarkerInfoView.swift */ = {isa = PBXFileReference; lastKnownFileType = sourcecode.swift; path = MarkerInfoView.swift; sourceTree = "<group>"; };
		F858A3372767B8D000062253 /* SocialNetworkView.swift */ = {isa = PBXFileReference; lastKnownFileType = sourcecode.swift; path = SocialNetworkView.swift; sourceTree = "<group>"; };
		F86C506527790AEC004BCC47 /* PlaceAnOrderView.swift */ = {isa = PBXFileReference; lastKnownFileType = sourcecode.swift; path = PlaceAnOrderView.swift; sourceTree = "<group>"; };
		F87FA2212770F17A007EB089 /* PromoImageView.swift */ = {isa = PBXFileReference; lastKnownFileType = sourcecode.swift; path = PromoImageView.swift; sourceTree = "<group>"; };
		F881124F2770AB320093ED49 /* HeaderLogoView.swift */ = {isa = PBXFileReference; lastKnownFileType = sourcecode.swift; path = HeaderLogoView.swift; sourceTree = "<group>"; };
		F88112512770C4570093ED49 /* PromotionView.swift */ = {isa = PBXFileReference; lastKnownFileType = sourcecode.swift; path = PromotionView.swift; sourceTree = "<group>"; };
		F88C97F92774ED5E00D208DE /* CartIsEmptyView.swift */ = {isa = PBXFileReference; lastKnownFileType = sourcecode.swift; path = CartIsEmptyView.swift; sourceTree = "<group>"; };
		F8BF66372771D36D000ACB7D /* RestaurantMenuView.swift */ = {isa = PBXFileReference; lastKnownFileType = sourcecode.swift; path = RestaurantMenuView.swift; sourceTree = "<group>"; };
		F8BF66392771E19C000ACB7D /* RestaurantMenu.swift */ = {isa = PBXFileReference; lastKnownFileType = sourcecode.swift; path = RestaurantMenu.swift; sourceTree = "<group>"; };
		F8BF663B2771E26E000ACB7D /* DetailsFoodMenu.swift */ = {isa = PBXFileReference; lastKnownFileType = sourcecode.swift; path = DetailsFoodMenu.swift; sourceTree = "<group>"; };
		F8E71C432773860F001254D0 /* RestaurantMenuData.swift */ = {isa = PBXFileReference; lastKnownFileType = sourcecode.swift; path = RestaurantMenuData.swift; sourceTree = "<group>"; };
/* End PBXFileReference section */

/* Begin PBXFrameworksBuildPhase section */
		F858A30D2766203200062253 /* Frameworks */ = {
			isa = PBXFrameworksBuildPhase;
			buildActionMask = 2147483647;
			files = (
			);
			runOnlyForDeploymentPostprocessing = 0;
		};
/* End PBXFrameworksBuildPhase section */

/* Begin PBXGroup section */
		F8397121276B78F400D8151E /* Background */ = {
			isa = PBXGroup;
			children = (
				F8397117276B711800D8151E /* BackgroundView.swift */,
				F839711A276B768A00D8151E /* ShapeView.swift */,
			);
			path = Background;
			sourceTree = "<group>";
		};
		F8397122276B79AB00D8151E /* ProfileViewDetails */ = {
			isa = PBXGroup;
			children = (
			);
			path = ProfileViewDetails;
			sourceTree = "<group>";
		};
		F8397123276B79C200D8151E /* CartViewDetails */ = {
			isa = PBXGroup;
			children = (
				F8506CD727749A2000C146C5 /* DetailCartView.swift */,
				F88C97F92774ED5E00D208DE /* CartIsEmptyView.swift */,
				F86C506527790AEC004BCC47 /* PlaceAnOrderView.swift */,
			);
			path = CartViewDetails;
			sourceTree = "<group>";
		};
		F8397137276DF9A800D8151E /* Extension */ = {
			isa = PBXGroup;
			children = (
				F8397138276DF9BE00D8151E /* Color.swift */,
			);
			path = Extension;
			sourceTree = "<group>";
		};
		F858A3072766203200062253 = {
			isa = PBXGroup;
			children = (
				F858A3122766203200062253 /* Menu */,
				F858A3112766203200062253 /* Products */,
			);
			sourceTree = "<group>";
		};
		F858A3112766203200062253 /* Products */ = {
			isa = PBXGroup;
			children = (
				F858A3102766203200062253 /* Park Kultury.app */,
			);
			name = Products;
			sourceTree = "<group>";
		};
		F858A3122766203200062253 /* Menu */ = {
			isa = PBXGroup;
			children = (
				F858A3132766203200062253 /* MenuApp.swift */,
				F858A321276621D000062253 /* Views */,
				F858A322276621DB00062253 /* ViewModel */,
				F858A323276621E900062253 /* Models */,
				F8397137276DF9A800D8151E /* Extension */,
				F8E71C42277385B0001254D0 /* DataServices */,
				F858A3172766203300062253 /* Assets.xcassets */,
				F858A3192766203300062253 /* Preview Content */,
			);
			path = Menu;
			sourceTree = "<group>";
		};
		F858A3192766203300062253 /* Preview Content */ = {
			isa = PBXGroup;
			children = (
				F858A31A2766203300062253 /* Preview Assets.xcassets */,
			);
			path = "Preview Content";
			sourceTree = "<group>";
		};
		F858A321276621D000062253 /* Views */ = {
			isa = PBXGroup;
			children = (
				F858A3152766203200062253 /* HomeView.swift */,
				F858A3242766518000062253 /* TabViews */,
				F87FA2232770FD59007EB089 /* ViewComponents */,
				F8397121276B78F400D8151E /* Background */,
			);
			path = Views;
			sourceTree = "<group>";
		};
		F858A322276621DB00062253 /* ViewModel */ = {
			isa = PBXGroup;
			children = (
				F8335A432769326E004C5793 /* MenuViewModel.swift */,
			);
			path = ViewModel;
			sourceTree = "<group>";
		};
		F858A323276621E900062253 /* Models */ = {
			isa = PBXGroup;
			children = (
				F8335A4127693206004C5793 /* Menu.swift */,
				F8BF66392771E19C000ACB7D /* RestaurantMenu.swift */,
			);
			path = Models;
			sourceTree = "<group>";
		};
		F858A3242766518000062253 /* TabViews */ = {
			isa = PBXGroup;
			children = (
				F858A32D276761AE00062253 /* MenuViewDetails */,
				F8397122276B79AB00D8151E /* ProfileViewDetails */,
				F858A32F276761C700062253 /* ContactsViewDetails */,
				F8397123276B79C200D8151E /* CartViewDetails */,
				F858A3252766534C00062253 /* MenuView.swift */,
				F858A3272766538000062253 /* ProfileView.swift */,
				F858A3292766539900062253 /* ContactsView.swift */,
				F858A32B276653B900062253 /* CartView.swift */,
			);
			path = TabViews;
			sourceTree = "<group>";
		};
		F858A32D276761AE00062253 /* MenuViewDetails */ = {
			isa = PBXGroup;
			children = (
				F8414D6E2770A12200FCD624 /* PickerDeliveryOrRestaurant.swift */,
				F88112512770C4570093ED49 /* PromotionView.swift */,
				F87FA2212770F17A007EB089 /* PromoImageView.swift */,
				F8BF66372771D36D000ACB7D /* RestaurantMenuView.swift */,
				F8BF663B2771E26E000ACB7D /* DetailsFoodMenu.swift */,
			);
			path = MenuViewDetails;
			sourceTree = "<group>";
		};
		F858A32F276761C700062253 /* ContactsViewDetails */ = {
			isa = PBXGroup;
			children = (
				F858A3312767623F00062253 /* MapView.swift */,
				F858A33327677D9F00062253 /* ContactAddressPhoneView.swift */,
				F858A3352767882000062253 /* MarkerInfoView.swift */,
				F858A3372767B8D000062253 /* SocialNetworkView.swift */,
				F8335A3F27690C77004C5793 /* ButtonsContactsView.swift */,
				F8397115276B4DCC00D8151E /* AboutView.swift */,
				F839713A276E06AA00D8151E /* ButtonsAboutInfoView.swift */,
				F84824B8276E0A0700E27AF9 /* InfoView.swift */,
				F84824BA276E0DE900E27AF9 /* DeliveryView.swift */,
			);
			path = ContactsViewDetails;
			sourceTree = "<group>";
		};
		F87FA2232770FD59007EB089 /* ViewComponents */ = {
			isa = PBXGroup;
			children = (
				F881124F2770AB320093ED49 /* HeaderLogoView.swift */,
			);
			path = ViewComponents;
			sourceTree = "<group>";
		};
		F8E71C42277385B0001254D0 /* DataServices */ = {
			isa = PBXGroup;
			children = (
				F8E71C432773860F001254D0 /* RestaurantMenuData.swift */,
			);
			path = DataServices;
			sourceTree = "<group>";
		};
/* End PBXGroup section */

/* Begin PBXNativeTarget section */
		F858A30F2766203200062253 /* Menu */ = {
			isa = PBXNativeTarget;
			buildConfigurationList = F858A31E2766203300062253 /* Build configuration list for PBXNativeTarget "Menu" */;
			buildPhases = (
				F858A30C2766203200062253 /* Sources */,
				F858A30D2766203200062253 /* Frameworks */,
				F858A30E2766203200062253 /* Resources */,
			);
			buildRules = (
			);
			dependencies = (
			);
			name = Menu;
			productName = Menu;
			productReference = F858A3102766203200062253 /* Park Kultury.app */;
			productType = "com.apple.product-type.application";
		};
/* End PBXNativeTarget section */

/* Begin PBXProject section */
		F858A3082766203200062253 /* Project object */ = {
			isa = PBXProject;
			attributes = {
				BuildIndependentTargetsInParallel = 1;
				LastSwiftUpdateCheck = 1310;
				LastUpgradeCheck = 1310;
				TargetAttributes = {
					F858A30F2766203200062253 = {
						CreatedOnToolsVersion = 13.1;
					};
				};
			};
			buildConfigurationList = F858A30B2766203200062253 /* Build configuration list for PBXProject "Menu" */;
			compatibilityVersion = "Xcode 13.0";
			developmentRegion = en;
			hasScannedForEncodings = 0;
			knownRegions = (
				en,
				Base,
			);
			mainGroup = F858A3072766203200062253;
			productRefGroup = F858A3112766203200062253 /* Products */;
			projectDirPath = "";
			projectRoot = "";
			targets = (
				F858A30F2766203200062253 /* Menu */,
			);
		};
/* End PBXProject section */

/* Begin PBXResourcesBuildPhase section */
		F858A30E2766203200062253 /* Resources */ = {
			isa = PBXResourcesBuildPhase;
			buildActionMask = 2147483647;
			files = (
				F858A31B2766203300062253 /* Preview Assets.xcassets in Resources */,
				F858A3182766203300062253 /* Assets.xcassets in Resources */,
			);
			runOnlyForDeploymentPostprocessing = 0;
		};
/* End PBXResourcesBuildPhase section */

/* Begin PBXSourcesBuildPhase section */
		F858A30C2766203200062253 /* Sources */ = {
			isa = PBXSourcesBuildPhase;
			buildActionMask = 2147483647;
			files = (
				F88C97FA2774ED5E00D208DE /* CartIsEmptyView.swift in Sources */,
				F8397118276B711800D8151E /* BackgroundView.swift in Sources */,
				F858A32C276653B900062253 /* CartView.swift in Sources */,
				F858A3282766538000062253 /* ProfileView.swift in Sources */,
				F8335A4027690C77004C5793 /* ButtonsContactsView.swift in Sources */,
				F8397139276DF9BE00D8151E /* Color.swift in Sources */,
				F858A3162766203200062253 /* HomeView.swift in Sources */,
				F88112522770C4570093ED49 /* PromotionView.swift in Sources */,
				F8E71C442773860F001254D0 /* RestaurantMenuData.swift in Sources */,
				F8BF66382771D36D000ACB7D /* RestaurantMenuView.swift in Sources */,
				F8CF4CD3276A56C900B5DC84 /* MapView.swift in Sources */,
				F858A3382767B8D000062253 /* SocialNetworkView.swift in Sources */,
				F84824BB276E0DE900E27AF9 /* DeliveryView.swift in Sources */,
				F8BF663A2771E19C000ACB7D /* RestaurantMenu.swift in Sources */,
				F8397116276B4DCC00D8151E /* AboutView.swift in Sources */,
				F8506CD827749A2000C146C5 /* DetailCartView.swift in Sources */,
				F8414D6F2770A12200FCD624 /* PickerDeliveryOrRestaurant.swift in Sources */,
				F8335A4227693206004C5793 /* Menu.swift in Sources */,
				F858A3262766534C00062253 /* MenuView.swift in Sources */,
				F858A32A2766539900062253 /* ContactsView.swift in Sources */,
				F839711B276B768A00D8151E /* ShapeView.swift in Sources */,
				F86C506627790AEC004BCC47 /* PlaceAnOrderView.swift in Sources */,
				F87FA2222770F17A007EB089 /* PromoImageView.swift in Sources */,
				F839713B276E06AA00D8151E /* ButtonsAboutInfoView.swift in Sources */,
				F88112502770AB320093ED49 /* HeaderLogoView.swift in Sources */,
				F858A3142766203200062253 /* MenuApp.swift in Sources */,
				F8BF663C2771E26E000ACB7D /* DetailsFoodMenu.swift in Sources */,
				F8335A442769326E004C5793 /* MenuViewModel.swift in Sources */,
				F858A3362767882000062253 /* MarkerInfoView.swift in Sources */,
				F84824B9276E0A0700E27AF9 /* InfoView.swift in Sources */,
				F858A33427677D9F00062253 /* ContactAddressPhoneView.swift in Sources */,
			);
			runOnlyForDeploymentPostprocessing = 0;
		};
/* End PBXSourcesBuildPhase section */

/* Begin XCBuildConfiguration section */
		F858A31C2766203300062253 /* Debug */ = {
			isa = XCBuildConfiguration;
			buildSettings = {
				ALWAYS_SEARCH_USER_PATHS = NO;
				CLANG_ANALYZER_NONNULL = YES;
				CLANG_ANALYZER_NUMBER_OBJECT_CONVERSION = YES_AGGRESSIVE;
				CLANG_CXX_LANGUAGE_STANDARD = "gnu++17";
				CLANG_CXX_LIBRARY = "libc++";
				CLANG_ENABLE_MODULES = YES;
				CLANG_ENABLE_OBJC_ARC = YES;
				CLANG_ENABLE_OBJC_WEAK = YES;
				CLANG_WARN_BLOCK_CAPTURE_AUTORELEASING = YES;
				CLANG_WARN_BOOL_CONVERSION = YES;
				CLANG_WARN_COMMA = YES;
				CLANG_WARN_CONSTANT_CONVERSION = YES;
				CLANG_WARN_DEPRECATED_OBJC_IMPLEMENTATIONS = YES;
				CLANG_WARN_DIRECT_OBJC_ISA_USAGE = YES_ERROR;
				CLANG_WARN_DOCUMENTATION_COMMENTS = YES;
				CLANG_WARN_EMPTY_BODY = YES;
				CLANG_WARN_ENUM_CONVERSION = YES;
				CLANG_WARN_INFINITE_RECURSION = YES;
				CLANG_WARN_INT_CONVERSION = YES;
				CLANG_WARN_NON_LITERAL_NULL_CONVERSION = YES;
				CLANG_WARN_OBJC_IMPLICIT_RETAIN_SELF = YES;
				CLANG_WARN_OBJC_LITERAL_CONVERSION = YES;
				CLANG_WARN_OBJC_ROOT_CLASS = YES_ERROR;
				CLANG_WARN_QUOTED_INCLUDE_IN_FRAMEWORK_HEADER = YES;
				CLANG_WARN_RANGE_LOOP_ANALYSIS = YES;
				CLANG_WARN_STRICT_PROTOTYPES = YES;
				CLANG_WARN_SUSPICIOUS_MOVE = YES;
				CLANG_WARN_UNGUARDED_AVAILABILITY = YES_AGGRESSIVE;
				CLANG_WARN_UNREACHABLE_CODE = YES;
				CLANG_WARN__DUPLICATE_METHOD_MATCH = YES;
				COPY_PHASE_STRIP = NO;
				DEBUG_INFORMATION_FORMAT = dwarf;
				ENABLE_STRICT_OBJC_MSGSEND = YES;
				ENABLE_TESTABILITY = YES;
				GCC_C_LANGUAGE_STANDARD = gnu11;
				GCC_DYNAMIC_NO_PIC = NO;
				GCC_NO_COMMON_BLOCKS = YES;
				GCC_OPTIMIZATION_LEVEL = 0;
				GCC_PREPROCESSOR_DEFINITIONS = (
					"DEBUG=1",
					"$(inherited)",
				);
				GCC_WARN_64_TO_32_BIT_CONVERSION = YES;
				GCC_WARN_ABOUT_RETURN_TYPE = YES_ERROR;
				GCC_WARN_UNDECLARED_SELECTOR = YES;
				GCC_WARN_UNINITIALIZED_AUTOS = YES_AGGRESSIVE;
				GCC_WARN_UNUSED_FUNCTION = YES;
				GCC_WARN_UNUSED_VARIABLE = YES;
				IPHONEOS_DEPLOYMENT_TARGET = 15.0;
				MTL_ENABLE_DEBUG_INFO = INCLUDE_SOURCE;
				MTL_FAST_MATH = YES;
				ONLY_ACTIVE_ARCH = YES;
				SDKROOT = iphoneos;
				SWIFT_ACTIVE_COMPILATION_CONDITIONS = DEBUG;
				SWIFT_OPTIMIZATION_LEVEL = "-Onone";
			};
			name = Debug;
		};
		F858A31D2766203300062253 /* Release */ = {
			isa = XCBuildConfiguration;
			buildSettings = {
				ALWAYS_SEARCH_USER_PATHS = NO;
				CLANG_ANALYZER_NONNULL = YES;
				CLANG_ANALYZER_NUMBER_OBJECT_CONVERSION = YES_AGGRESSIVE;
				CLANG_CXX_LANGUAGE_STANDARD = "gnu++17";
				CLANG_CXX_LIBRARY = "libc++";
				CLANG_ENABLE_MODULES = YES;
				CLANG_ENABLE_OBJC_ARC = YES;
				CLANG_ENABLE_OBJC_WEAK = YES;
				CLANG_WARN_BLOCK_CAPTURE_AUTORELEASING = YES;
				CLANG_WARN_BOOL_CONVERSION = YES;
				CLANG_WARN_COMMA = YES;
				CLANG_WARN_CONSTANT_CONVERSION = YES;
				CLANG_WARN_DEPRECATED_OBJC_IMPLEMENTATIONS = YES;
				CLANG_WARN_DIRECT_OBJC_ISA_USAGE = YES_ERROR;
				CLANG_WARN_DOCUMENTATION_COMMENTS = YES;
				CLANG_WARN_EMPTY_BODY = YES;
				CLANG_WARN_ENUM_CONVERSION = YES;
				CLANG_WARN_INFINITE_RECURSION = YES;
				CLANG_WARN_INT_CONVERSION = YES;
				CLANG_WARN_NON_LITERAL_NULL_CONVERSION = YES;
				CLANG_WARN_OBJC_IMPLICIT_RETAIN_SELF = YES;
				CLANG_WARN_OBJC_LITERAL_CONVERSION = YES;
				CLANG_WARN_OBJC_ROOT_CLASS = YES_ERROR;
				CLANG_WARN_QUOTED_INCLUDE_IN_FRAMEWORK_HEADER = YES;
				CLANG_WARN_RANGE_LOOP_ANALYSIS = YES;
				CLANG_WARN_STRICT_PROTOTYPES = YES;
				CLANG_WARN_SUSPICIOUS_MOVE = YES;
				CLANG_WARN_UNGUARDED_AVAILABILITY = YES_AGGRESSIVE;
				CLANG_WARN_UNREACHABLE_CODE = YES;
				CLANG_WARN__DUPLICATE_METHOD_MATCH = YES;
				COPY_PHASE_STRIP = NO;
				DEBUG_INFORMATION_FORMAT = "dwarf-with-dsym";
				ENABLE_NS_ASSERTIONS = NO;
				ENABLE_STRICT_OBJC_MSGSEND = YES;
				GCC_C_LANGUAGE_STANDARD = gnu11;
				GCC_NO_COMMON_BLOCKS = YES;
				GCC_WARN_64_TO_32_BIT_CONVERSION = YES;
				GCC_WARN_ABOUT_RETURN_TYPE = YES_ERROR;
				GCC_WARN_UNDECLARED_SELECTOR = YES;
				GCC_WARN_UNINITIALIZED_AUTOS = YES_AGGRESSIVE;
				GCC_WARN_UNUSED_FUNCTION = YES;
				GCC_WARN_UNUSED_VARIABLE = YES;
				IPHONEOS_DEPLOYMENT_TARGET = 15.0;
				MTL_ENABLE_DEBUG_INFO = NO;
				MTL_FAST_MATH = YES;
				SDKROOT = iphoneos;
				SWIFT_COMPILATION_MODE = wholemodule;
				SWIFT_OPTIMIZATION_LEVEL = "-O";
				VALIDATE_PRODUCT = YES;
			};
			name = Release;
		};
		F858A31F2766203300062253 /* Debug */ = {
			isa = XCBuildConfiguration;
			buildSettings = {
				ASSETCATALOG_COMPILER_APPICON_NAME = AppIcon;
				ASSETCATALOG_COMPILER_GLOBAL_ACCENT_COLOR_NAME = AccentColor;
				CODE_SIGN_STYLE = Automatic;
				CURRENT_PROJECT_VERSION = 1;
				DEVELOPMENT_ASSET_PATHS = "\"Menu/Preview Content\"";
				DEVELOPMENT_TEAM = H5J3S6F67R;
				ENABLE_PREVIEWS = YES;
				GENERATE_INFOPLIST_FILE = YES;
				INFOPLIST_KEY_UIApplicationSceneManifest_Generation = YES;
				INFOPLIST_KEY_UIApplicationSupportsIndirectInputEvents = YES;
				INFOPLIST_KEY_UILaunchScreen_Generation = YES;
				INFOPLIST_KEY_UISupportedInterfaceOrientations = UIInterfaceOrientationPortrait;
				INFOPLIST_KEY_UISupportedInterfaceOrientations_iPad = "UIInterfaceOrientationPortrait UIInterfaceOrientationPortraitUpsideDown UIInterfaceOrientationLandscapeLeft UIInterfaceOrientationLandscapeRight";
				INFOPLIST_KEY_UISupportedInterfaceOrientations_iPhone = "UIInterfaceOrientationPortrait UIInterfaceOrientationLandscapeLeft UIInterfaceOrientationLandscapeRight";
				LD_RUNPATH_SEARCH_PATHS = (
					"$(inherited)",
					"@executable_path/Frameworks",
				);
				MARKETING_VERSION = 1.0;
				PRODUCT_BUNDLE_IDENTIFIER = com.pal.artem.Menu;
				PRODUCT_NAME = "Park Kultury";
				SWIFT_EMIT_LOC_STRINGS = YES;
				SWIFT_VERSION = 5.0;
				TARGETED_DEVICE_FAMILY = "1,2";
			};
			name = Debug;
		};
		F858A3202766203300062253 /* Release */ = {
			isa = XCBuildConfiguration;
			buildSettings = {
				ASSETCATALOG_COMPILER_APPICON_NAME = AppIcon;
				ASSETCATALOG_COMPILER_GLOBAL_ACCENT_COLOR_NAME = AccentColor;
				CODE_SIGN_STYLE = Automatic;
				CURRENT_PROJECT_VERSION = 1;
				DEVELOPMENT_ASSET_PATHS = "\"Menu/Preview Content\"";
				DEVELOPMENT_TEAM = H5J3S6F67R;
				ENABLE_PREVIEWS = YES;
				GENERATE_INFOPLIST_FILE = YES;
				INFOPLIST_KEY_UIApplicationSceneManifest_Generation = YES;
				INFOPLIST_KEY_UIApplicationSupportsIndirectInputEvents = YES;
				INFOPLIST_KEY_UILaunchScreen_Generation = YES;
				INFOPLIST_KEY_UISupportedInterfaceOrientations = UIInterfaceOrientationPortrait;
				INFOPLIST_KEY_UISupportedInterfaceOrientations_iPad = "UIInterfaceOrientationPortrait UIInterfaceOrientationPortraitUpsideDown UIInterfaceOrientationLandscapeLeft UIInterfaceOrientationLandscapeRight";
				INFOPLIST_KEY_UISupportedInterfaceOrientations_iPhone = "UIInterfaceOrientationPortrait UIInterfaceOrientationLandscapeLeft UIInterfaceOrientationLandscapeRight";
				LD_RUNPATH_SEARCH_PATHS = (
					"$(inherited)",
					"@executable_path/Frameworks",
				);
				MARKETING_VERSION = 1.0;
				PRODUCT_BUNDLE_IDENTIFIER = com.pal.artem.Menu;
				PRODUCT_NAME = "Park Kultury";
				SWIFT_EMIT_LOC_STRINGS = YES;
				SWIFT_VERSION = 5.0;
				TARGETED_DEVICE_FAMILY = "1,2";
			};
			name = Release;
		};
/* End XCBuildConfiguration section */

/* Begin XCConfigurationList section */
		F858A30B2766203200062253 /* Build configuration list for PBXProject "Menu" */ = {
			isa = XCConfigurationList;
			buildConfigurations = (
				F858A31C2766203300062253 /* Debug */,
				F858A31D2766203300062253 /* Release */,
			);
			defaultConfigurationIsVisible = 0;
			defaultConfigurationName = Release;
		};
		F858A31E2766203300062253 /* Build configuration list for PBXNativeTarget "Menu" */ = {
			isa = XCConfigurationList;
			buildConfigurations = (
				F858A31F2766203300062253 /* Debug */,
				F858A3202766203300062253 /* Release */,
			);
			defaultConfigurationIsVisible = 0;
			defaultConfigurationName = Release;
		};
/* End XCConfigurationList section */
	};
	rootObject = F858A3082766203200062253 /* Project object */;
}
